// !$*UTF8*$!
{
	archiveVersion = 1;
	classes = {
	};
	objectVersion = 50;
	objects = {

/* Begin PBXBuildFile section */
		AB174AF023D0CC9400EA3547 /* AppDelegate.swift in Sources */ = {isa = PBXBuildFile; fileRef = AB174AEF23D0CC9400EA3547 /* AppDelegate.swift */; };
		AB174AF223D0CC9400EA3547 /* ViewController.swift in Sources */ = {isa = PBXBuildFile; fileRef = AB174AF123D0CC9400EA3547 /* ViewController.swift */; };
		AB174AF523D0CC9400EA3547 /* Main.storyboard in Resources */ = {isa = PBXBuildFile; fileRef = AB174AF323D0CC9400EA3547 /* Main.storyboard */; };
		AB174AF723D0CC9900EA3547 /* Assets.xcassets in Resources */ = {isa = PBXBuildFile; fileRef = AB174AF623D0CC9900EA3547 /* Assets.xcassets */; };
		AB174AFA23D0CC9900EA3547 /* LaunchScreen.storyboard in Resources */ = {isa = PBXBuildFile; fileRef = AB174AF823D0CC9900EA3547 /* LaunchScreen.storyboard */; };
		AB174B0523D0CC9A00EA3547 /* CommodoreDemoTests.swift in Sources */ = {isa = PBXBuildFile; fileRef = AB174B0423D0CC9A00EA3547 /* CommodoreDemoTests.swift */; };
		AB174B1023D0CC9A00EA3547 /* CommodoreDemoUITests.swift in Sources */ = {isa = PBXBuildFile; fileRef = AB174B0F23D0CC9A00EA3547 /* CommodoreDemoUITests.swift */; };
/* End PBXBuildFile section */

/* Begin PBXContainerItemProxy section */
		AB174B0123D0CC9A00EA3547 /* PBXContainerItemProxy */ = {
			isa = PBXContainerItemProxy;
			containerPortal = AB174AE423D0CC9300EA3547 /* Project object */;
			proxyType = 1;
			remoteGlobalIDString = AB174AEB23D0CC9300EA3547;
			remoteInfo = CommodoreDemo;
		};
		AB174B0C23D0CC9A00EA3547 /* PBXContainerItemProxy */ = {
			isa = PBXContainerItemProxy;
			containerPortal = AB174AE423D0CC9300EA3547 /* Project object */;
			proxyType = 1;
			remoteGlobalIDString = AB174AEB23D0CC9300EA3547;
			remoteInfo = CommodoreDemo;
		};
/* End PBXContainerItemProxy section */

/* Begin PBXFileReference section */
		AB174AEC23D0CC9400EA3547 /* CommodoreDemo.app */ = {isa = PBXFileReference; explicitFileType = wrapper.application; includeInIndex = 0; path = CommodoreDemo.app; sourceTree = BUILT_PRODUCTS_DIR; };
		AB174AEF23D0CC9400EA3547 /* AppDelegate.swift */ = {isa = PBXFileReference; lastKnownFileType = sourcecode.swift; path = AppDelegate.swift; sourceTree = "<group>"; };
		AB174AF123D0CC9400EA3547 /* ViewController.swift */ = {isa = PBXFileReference; lastKnownFileType = sourcecode.swift; path = ViewController.swift; sourceTree = "<group>"; };
		AB174AF423D0CC9400EA3547 /* Base */ = {isa = PBXFileReference; lastKnownFileType = file.storyboard; name = Base; path = Base.lproj/Main.storyboard; sourceTree = "<group>"; };
		AB174AF623D0CC9900EA3547 /* Assets.xcassets */ = {isa = PBXFileReference; lastKnownFileType = folder.assetcatalog; path = Assets.xcassets; sourceTree = "<group>"; };
		AB174AF923D0CC9900EA3547 /* Base */ = {isa = PBXFileReference; lastKnownFileType = file.storyboard; name = Base; path = Base.lproj/LaunchScreen.storyboard; sourceTree = "<group>"; };
		AB174AFB23D0CC9900EA3547 /* Info.plist */ = {isa = PBXFileReference; lastKnownFileType = text.plist.xml; path = Info.plist; sourceTree = "<group>"; };
		AB174B0023D0CC9A00EA3547 /* CommodoreDemoTests.xctest */ = {isa = PBXFileReference; explicitFileType = wrapper.cfbundle; includeInIndex = 0; path = CommodoreDemoTests.xctest; sourceTree = BUILT_PRODUCTS_DIR; };
		AB174B0423D0CC9A00EA3547 /* CommodoreDemoTests.swift */ = {isa = PBXFileReference; lastKnownFileType = sourcecode.swift; path = CommodoreDemoTests.swift; sourceTree = "<group>"; };
		AB174B0623D0CC9A00EA3547 /* Info.plist */ = {isa = PBXFileReference; lastKnownFileType = text.plist.xml; path = Info.plist; sourceTree = "<group>"; };
		AB174B0B23D0CC9A00EA3547 /* CommodoreDemoUITests.xctest */ = {isa = PBXFileReference; explicitFileType = wrapper.cfbundle; includeInIndex = 0; path = CommodoreDemoUITests.xctest; sourceTree = BUILT_PRODUCTS_DIR; };
		AB174B0F23D0CC9A00EA3547 /* CommodoreDemoUITests.swift */ = {isa = PBXFileReference; lastKnownFileType = sourcecode.swift; path = CommodoreDemoUITests.swift; sourceTree = "<group>"; };
		AB174B1123D0CC9A00EA3547 /* Info.plist */ = {isa = PBXFileReference; lastKnownFileType = text.plist.xml; path = Info.plist; sourceTree = "<group>"; };
/* End PBXFileReference section */

/* Begin PBXFrameworksBuildPhase section */
		AB174AE923D0CC9300EA3547 /* Frameworks */ = {
			isa = PBXFrameworksBuildPhase;
			buildActionMask = 2147483647;
			files = (
			);
			runOnlyForDeploymentPostprocessing = 0;
		};
		AB174AFD23D0CC9A00EA3547 /* Frameworks */ = {
			isa = PBXFrameworksBuildPhase;
			buildActionMask = 2147483647;
			files = (
			);
			runOnlyForDeploymentPostprocessing = 0;
		};
		AB174B0823D0CC9A00EA3547 /* Frameworks */ = {
			isa = PBXFrameworksBuildPhase;
			buildActionMask = 2147483647;
			files = (
			);
			runOnlyForDeploymentPostprocessing = 0;
		};
/* End PBXFrameworksBuildPhase section */

/* Begin PBXGroup section */
		AB174AE323D0CC9300EA3547 = {
			isa = PBXGroup;
			children = (
				AB174AEE23D0CC9400EA3547 /* CommodoreDemo */,
				AB174B0323D0CC9A00EA3547 /* CommodoreDemoTests */,
				AB174B0E23D0CC9A00EA3547 /* CommodoreDemoUITests */,
				AB174AED23D0CC9400EA3547 /* Products */,
			);
			sourceTree = "<group>";
		};
		AB174AED23D0CC9400EA3547 /* Products */ = {
			isa = PBXGroup;
			children = (
				AB174AEC23D0CC9400EA3547 /* CommodoreDemo.app */,
				AB174B0023D0CC9A00EA3547 /* CommodoreDemoTests.xctest */,
				AB174B0B23D0CC9A00EA3547 /* CommodoreDemoUITests.xctest */,
			);
			name = Products;
			sourceTree = "<group>";
		};
		AB174AEE23D0CC9400EA3547 /* CommodoreDemo */ = {
			isa = PBXGroup;
			children = (
				AB174AEF23D0CC9400EA3547 /* AppDelegate.swift */,
				AB174AF123D0CC9400EA3547 /* ViewController.swift */,
				AB174AF323D0CC9400EA3547 /* Main.storyboard */,
				AB174AF623D0CC9900EA3547 /* Assets.xcassets */,
				AB174AF823D0CC9900EA3547 /* LaunchScreen.storyboard */,
				AB174AFB23D0CC9900EA3547 /* Info.plist */,
			);
			path = CommodoreDemo;
			sourceTree = "<group>";
		};
		AB174B0323D0CC9A00EA3547 /* CommodoreDemoTests */ = {
			isa = PBXGroup;
			children = (
				AB174B0423D0CC9A00EA3547 /* CommodoreDemoTests.swift */,
				AB174B0623D0CC9A00EA3547 /* Info.plist */,
			);
			path = CommodoreDemoTests;
			sourceTree = "<group>";
		};
		AB174B0E23D0CC9A00EA3547 /* CommodoreDemoUITests */ = {
			isa = PBXGroup;
			children = (
				AB174B0F23D0CC9A00EA3547 /* CommodoreDemoUITests.swift */,
				AB174B1123D0CC9A00EA3547 /* Info.plist */,
			);
			path = CommodoreDemoUITests;
			sourceTree = "<group>";
		};
/* End PBXGroup section */

/* Begin PBXNativeTarget section */
		AB174AEB23D0CC9300EA3547 /* CommodoreDemo */ = {
			isa = PBXNativeTarget;
			buildConfigurationList = AB174B1423D0CC9A00EA3547 /* Build configuration list for PBXNativeTarget "CommodoreDemo" */;
			buildPhases = (
				AB174AE823D0CC9300EA3547 /* Sources */,
				AB174AE923D0CC9300EA3547 /* Frameworks */,
				AB174AEA23D0CC9300EA3547 /* Resources */,
			);
			buildRules = (
			);
			dependencies = (
			);
			name = CommodoreDemo;
			productName = CommodoreDemo;
			productReference = AB174AEC23D0CC9400EA3547 /* CommodoreDemo.app */;
			productType = "com.apple.product-type.application";
		};
		AB174AFF23D0CC9A00EA3547 /* CommodoreDemoTests */ = {
			isa = PBXNativeTarget;
			buildConfigurationList = AB174B1723D0CC9A00EA3547 /* Build configuration list for PBXNativeTarget "CommodoreDemoTests" */;
			buildPhases = (
				AB174AFC23D0CC9A00EA3547 /* Sources */,
				AB174AFD23D0CC9A00EA3547 /* Frameworks */,
				AB174AFE23D0CC9A00EA3547 /* Resources */,
			);
			buildRules = (
			);
			dependencies = (
				AB174B0223D0CC9A00EA3547 /* PBXTargetDependency */,
			);
			name = CommodoreDemoTests;
			productName = CommodoreDemoTests;
			productReference = AB174B0023D0CC9A00EA3547 /* CommodoreDemoTests.xctest */;
			productType = "com.apple.product-type.bundle.unit-test";
		};
		AB174B0A23D0CC9A00EA3547 /* CommodoreDemoUITests */ = {
			isa = PBXNativeTarget;
			buildConfigurationList = AB174B1A23D0CC9A00EA3547 /* Build configuration list for PBXNativeTarget "CommodoreDemoUITests" */;
			buildPhases = (
				AB174B0723D0CC9A00EA3547 /* Sources */,
				AB174B0823D0CC9A00EA3547 /* Frameworks */,
				AB174B0923D0CC9A00EA3547 /* Resources */,
			);
			buildRules = (
			);
			dependencies = (
				AB174B0D23D0CC9A00EA3547 /* PBXTargetDependency */,
			);
			name = CommodoreDemoUITests;
			productName = CommodoreDemoUITests;
			productReference = AB174B0B23D0CC9A00EA3547 /* CommodoreDemoUITests.xctest */;
			productType = "com.apple.product-type.bundle.ui-testing";
		};
/* End PBXNativeTarget section */

/* Begin PBXProject section */
		AB174AE423D0CC9300EA3547 /* Project object */ = {
			isa = PBXProject;
			attributes = {
				LastSwiftUpdateCheck = 1030;
				LastUpgradeCheck = 1030;
				ORGANIZATIONNAME = "Grant Commodore";
				TargetAttributes = {
					AB174AEB23D0CC9300EA3547 = {
						CreatedOnToolsVersion = 10.3;
					};
					AB174AFF23D0CC9A00EA3547 = {
						CreatedOnToolsVersion = 10.3;
						TestTargetID = AB174AEB23D0CC9300EA3547;
					};
					AB174B0A23D0CC9A00EA3547 = {
						CreatedOnToolsVersion = 10.3;
						TestTargetID = AB174AEB23D0CC9300EA3547;
					};
				};
			};
			buildConfigurationList = AB174AE723D0CC9300EA3547 /* Build configuration list for PBXProject "CommodoreDemo" */;
			compatibilityVersion = "Xcode 9.3";
			developmentRegion = en;
			hasScannedForEncodings = 0;
			knownRegions = (
				en,
				Base,
			);
			mainGroup = AB174AE323D0CC9300EA3547;
			productRefGroup = AB174AED23D0CC9400EA3547 /* Products */;
			projectDirPath = "";
			projectRoot = "";
			targets = (
				AB174AEB23D0CC9300EA3547 /* CommodoreDemo */,
				AB174AFF23D0CC9A00EA3547 /* CommodoreDemoTests */,
				AB174B0A23D0CC9A00EA3547 /* CommodoreDemoUITests */,
			);
		};
/* End PBXProject section */

/* Begin PBXResourcesBuildPhase section */
		AB174AEA23D0CC9300EA3547 /* Resources */ = {
			isa = PBXResourcesBuildPhase;
			buildActionMask = 2147483647;
			files = (
				AB174AFA23D0CC9900EA3547 /* LaunchScreen.storyboard in Resources */,
				AB174AF723D0CC9900EA3547 /* Assets.xcassets in Resources */,
				AB174AF523D0CC9400EA3547 /* Main.storyboard in Resources */,
			);
			runOnlyForDeploymentPostprocessing = 0;
		};
		AB174AFE23D0CC9A00EA3547 /* Resources */ = {
			isa = PBXResourcesBuildPhase;
			buildActionMask = 2147483647;
			files = (
			);
			runOnlyForDeploymentPostprocessing = 0;
		};
		AB174B0923D0CC9A00EA3547 /* Resources */ = {
			isa = PBXResourcesBuildPhase;
			buildActionMask = 2147483647;
			files = (
			);
			runOnlyForDeploymentPostprocessing = 0;
		};
/* End PBXResourcesBuildPhase section */

/* Begin PBXSourcesBuildPhase section */
		AB174AE823D0CC9300EA3547 /* Sources */ = {
			isa = PBXSourcesBuildPhase;
			buildActionMask = 2147483647;
			files = (
				AB174AF223D0CC9400EA3547 /* ViewController.swift in Sources */,
				AB174AF023D0CC9400EA3547 /* AppDelegate.swift in Sources */,
			);
			runOnlyForDeploymentPostprocessing = 0;
		};
		AB174AFC23D0CC9A00EA3547 /* Sources */ = {
			isa = PBXSourcesBuildPhase;
			buildActionMask = 2147483647;
			files = (
				AB174B0523D0CC9A00EA3547 /* CommodoreDemoTests.swift in Sources */,
			);
			runOnlyForDeploymentPostprocessing = 0;
		};
		AB174B0723D0CC9A00EA3547 /* Sources */ = {
			isa = PBXSourcesBuildPhase;
			buildActionMask = 2147483647;
			files = (
				AB174B1023D0CC9A00EA3547 /* CommodoreDemoUITests.swift in Sources */,
			);
			runOnlyForDeploymentPostprocessing = 0;
		};
/* End PBXSourcesBuildPhase section */

/* Begin PBXTargetDependency section */
		AB174B0223D0CC9A00EA3547 /* PBXTargetDependency */ = {
			isa = PBXTargetDependency;
			target = AB174AEB23D0CC9300EA3547 /* CommodoreDemo */;
			targetProxy = AB174B0123D0CC9A00EA3547 /* PBXContainerItemProxy */;
		};
		AB174B0D23D0CC9A00EA3547 /* PBXTargetDependency */ = {
			isa = PBXTargetDependency;
			target = AB174AEB23D0CC9300EA3547 /* CommodoreDemo */;
			targetProxy = AB174B0C23D0CC9A00EA3547 /* PBXContainerItemProxy */;
		};
/* End PBXTargetDependency section */

/* Begin PBXVariantGroup section */
		AB174AF323D0CC9400EA3547 /* Main.storyboard */ = {
			isa = PBXVariantGroup;
			children = (
				AB174AF423D0CC9400EA3547 /* Base */,
			);
			name = Main.storyboard;
			sourceTree = "<group>";
		};
		AB174AF823D0CC9900EA3547 /* LaunchScreen.storyboard */ = {
			isa = PBXVariantGroup;
			children = (
				AB174AF923D0CC9900EA3547 /* Base */,
			);
			name = LaunchScreen.storyboard;
			sourceTree = "<group>";
		};
/* End PBXVariantGroup section */

/* Begin XCBuildConfiguration section */
		AB174B1223D0CC9A00EA3547 /* Debug */ = {
			isa = XCBuildConfiguration;
			buildSettings = {
				ALWAYS_SEARCH_USER_PATHS = NO;
				CLANG_ANALYZER_NONNULL = YES;
				CLANG_ANALYZER_NUMBER_OBJECT_CONVERSION = YES_AGGRESSIVE;
				CLANG_CXX_LANGUAGE_STANDARD = "gnu++14";
				CLANG_CXX_LIBRARY = "libc++";
				CLANG_ENABLE_MODULES = YES;
				CLANG_ENABLE_OBJC_ARC = YES;
				CLANG_ENABLE_OBJC_WEAK = YES;
				CLANG_WARN_BLOCK_CAPTURE_AUTORELEASING = YES;
				CLANG_WARN_BOOL_CONVERSION = YES;
				CLANG_WARN_COMMA = YES;
				CLANG_WARN_CONSTANT_CONVERSION = YES;
				CLANG_WARN_DEPRECATED_OBJC_IMPLEMENTATIONS = YES;
				CLANG_WARN_DIRECT_OBJC_ISA_USAGE = YES_ERROR;
				CLANG_WARN_DOCUMENTATION_COMMENTS = YES;
				CLANG_WARN_EMPTY_BODY = YES;
				CLANG_WARN_ENUM_CONVERSION = YES;
				CLANG_WARN_INFINITE_RECURSION = YES;
				CLANG_WARN_INT_CONVERSION = YES;
				CLANG_WARN_NON_LITERAL_NULL_CONVERSION = YES;
				CLANG_WARN_OBJC_IMPLICIT_RETAIN_SELF = YES;
				CLANG_WARN_OBJC_LITERAL_CONVERSION = YES;
				CLANG_WARN_OBJC_ROOT_CLASS = YES_ERROR;
				CLANG_WARN_RANGE_LOOP_ANALYSIS = YES;
				CLANG_WARN_STRICT_PROTOTYPES = YES;
				CLANG_WARN_SUSPICIOUS_MOVE = YES;
				CLANG_WARN_UNGUARDED_AVAILABILITY = YES_AGGRESSIVE;
				CLANG_WARN_UNREACHABLE_CODE = YES;
				CLANG_WARN__DUPLICATE_METHOD_MATCH = YES;
				CODE_SIGN_IDENTITY = "iPhone Developer";
				COPY_PHASE_STRIP = NO;
				DEBUG_INFORMATION_FORMAT = dwarf;
				ENABLE_STRICT_OBJC_MSGSEND = YES;
				ENABLE_TESTABILITY = YES;
				GCC_C_LANGUAGE_STANDARD = gnu11;
				GCC_DYNAMIC_NO_PIC = NO;
				GCC_NO_COMMON_BLOCKS = YES;
				GCC_OPTIMIZATION_LEVEL = 0;
				GCC_PREPROCESSOR_DEFINITIONS = (
					"DEBUG=1",
					"$(inherited)",
				);
				GCC_WARN_64_TO_32_BIT_CONVERSION = YES;
				GCC_WARN_ABOUT_RETURN_TYPE = YES_ERROR;
				GCC_WARN_UNDECLARED_SELECTOR = YES;
				GCC_WARN_UNINITIALIZED_AUTOS = YES_AGGRESSIVE;
				GCC_WARN_UNUSED_FUNCTION = YES;
				GCC_WARN_UNUSED_VARIABLE = YES;
				IPHONEOS_DEPLOYMENT_TARGET = 12.4;
				MTL_ENABLE_DEBUG_INFO = INCLUDE_SOURCE;
				MTL_FAST_MATH = YES;
				ONLY_ACTIVE_ARCH = YES;
				SDKROOT = iphoneos;
				SWIFT_ACTIVE_COMPILATION_CONDITIONS = DEBUG;
				SWIFT_OPTIMIZATION_LEVEL = "-Onone";
			};
			name = Debug;
		};
		AB174B1323D0CC9A00EA3547 /* Release */ = {
			isa = XCBuildConfiguration;
			buildSettings = {
				ALWAYS_SEARCH_USER_PATHS = NO;
				CLANG_ANALYZER_NONNULL = YES;
				CLANG_ANALYZER_NUMBER_OBJECT_CONVERSION = YES_AGGRESSIVE;
				CLANG_CXX_LANGUAGE_STANDARD = "gnu++14";
				CLANG_CXX_LIBRARY = "libc++";
				CLANG_ENABLE_MODULES = YES;
				CLANG_ENABLE_OBJC_ARC = YES;
				CLANG_ENABLE_OBJC_WEAK = YES;
				CLANG_WARN_BLOCK_CAPTURE_AUTORELEASING = YES;
				CLANG_WARN_BOOL_CONVERSION = YES;
				CLANG_WARN_COMMA = YES;
				CLANG_WARN_CONSTANT_CONVERSION = YES;
				CLANG_WARN_DEPRECATED_OBJC_IMPLEMENTATIONS = YES;
				CLANG_WARN_DIRECT_OBJC_ISA_USAGE = YES_ERROR;
				CLANG_WARN_DOCUMENTATION_COMMENTS = YES;
				CLANG_WARN_EMPTY_BODY = YES;
				CLANG_WARN_ENUM_CONVERSION = YES;
				CLANG_WARN_INFINITE_RECURSION = YES;
				CLANG_WARN_INT_CONVERSION = YES;
				CLANG_WARN_NON_LITERAL_NULL_CONVERSION = YES;
				CLANG_WARN_OBJC_IMPLICIT_RETAIN_SELF = YES;
				CLANG_WARN_OBJC_LITERAL_CONVERSION = YES;
				CLANG_WARN_OBJC_ROOT_CLASS = YES_ERROR;
				CLANG_WARN_RANGE_LOOP_ANALYSIS = YES;
				CLANG_WARN_STRICT_PROTOTYPES = YES;
				CLANG_WARN_SUSPICIOUS_MOVE = YES;
				CLANG_WARN_UNGUARDED_AVAILABILITY = YES_AGGRESSIVE;
				CLANG_WARN_UNREACHABLE_CODE = YES;
				CLANG_WARN__DUPLICATE_METHOD_MATCH = YES;
				CODE_SIGN_IDENTITY = "iPhone Developer";
				COPY_PHASE_STRIP = NO;
				DEBUG_INFORMATION_FORMAT = "dwarf-with-dsym";
				ENABLE_NS_ASSERTIONS = NO;
				ENABLE_STRICT_OBJC_MSGSEND = YES;
				GCC_C_LANGUAGE_STANDARD = gnu11;
				GCC_NO_COMMON_BLOCKS = YES;
				GCC_WARN_64_TO_32_BIT_CONVERSION = YES;
				GCC_WARN_ABOUT_RETURN_TYPE = YES_ERROR;
				GCC_WARN_UNDECLARED_SELECTOR = YES;
				GCC_WARN_UNINITIALIZED_AUTOS = YES_AGGRESSIVE;
				GCC_WARN_UNUSED_FUNCTION = YES;
				GCC_WARN_UNUSED_VARIABLE = YES;
				IPHONEOS_DEPLOYMENT_TARGET = 12.4;
				MTL_ENABLE_DEBUG_INFO = NO;
				MTL_FAST_MATH = YES;
				SDKROOT = iphoneos;
				SWIFT_COMPILATION_MODE = wholemodule;
				SWIFT_OPTIMIZATION_LEVEL = "-O";
				VALIDATE_PRODUCT = YES;
			};
			name = Release;
		};
		AB174B1523D0CC9A00EA3547 /* Debug */ = {
			isa = XCBuildConfiguration;
			buildSettings = {
				ASSETCATALOG_COMPILER_APPICON_NAME = AppIcon;
				CODE_SIGN_STYLE = Automatic;
				DEVELOPMENT_TEAM = 53V9TBTC84;
				INFOPLIST_FILE = CommodoreDemo/Info.plist;
				LD_RUNPATH_SEARCH_PATHS = (
					"$(inherited)",
					"@executable_path/Frameworks",
				);
				PRODUCT_BUNDLE_IDENTIFIER = com.Commodore.CommodoreDemo;
				PRODUCT_NAME = "$(TARGET_NAME)";
				SWIFT_VERSION = 5.0;
				TARGETED_DEVICE_FAMILY = "1,2";
			};
			name = Debug;
		};
		AB174B1623D0CC9A00EA3547 /* Release */ = {
			isa = XCBuildConfiguration;
			buildSettings = {
				ASSETCATALOG_COMPILER_APPICON_NAME = AppIcon;
				CODE_SIGN_STYLE = Automatic;
				DEVELOPMENT_TEAM = 53V9TBTC84;
				INFOPLIST_FILE = CommodoreDemo/Info.plist;
				LD_RUNPATH_SEARCH_PATHS = (
					"$(inherited)",
					"@executable_path/Frameworks",
				);
				PRODUCT_BUNDLE_IDENTIFIER = com.Commodore.CommodoreDemo;
				PRODUCT_NAME = "$(TARGET_NAME)";
				SWIFT_VERSION = 5.0;
				TARGETED_DEVICE_FAMILY = "1,2";
			};
			name = Release;
		};
		AB174B1823D0CC9A00EA3547 /* Debug */ = {
			isa = XCBuildConfiguration;
			buildSettings = {
				ALWAYS_EMBED_SWIFT_STANDARD_LIBRARIES = YES;
				BUNDLE_LOADER = "$(TEST_HOST)";
				CODE_SIGN_STYLE = Automatic;
				INFOPLIST_FILE = CommodoreDemoTests/Info.plist;
				LD_RUNPATH_SEARCH_PATHS = (
					"$(inherited)",
					"@executable_path/Frameworks",
					"@loader_path/Frameworks",
				);
				PRODUCT_BUNDLE_IDENTIFIER = com.Commodore.CommodoreDemoTests;
				PRODUCT_NAME = "$(TARGET_NAME)";
				SWIFT_VERSION = 5.0;
				TARGETED_DEVICE_FAMILY = "1,2";
				TEST_HOST = "$(BUILT_PRODUCTS_DIR)/CommodoreDemo.app/CommodoreDemo";
			};
			name = Debug;
		};
		AB174B1923D0CC9A00EA3547 /* Release */ = {
			isa = XCBuildConfiguration;
			buildSettings = {
				ALWAYS_EMBED_SWIFT_STANDARD_LIBRARIES = YES;
				BUNDLE_LOADER = "$(TEST_HOST)";
				CODE_SIGN_STYLE = Automatic;
				INFOPLIST_FILE = CommodoreDemoTests/Info.plist;
				LD_RUNPATH_SEARCH_PATHS = (
					"$(inherited)",
					"@executable_path/Frameworks",
					"@loader_path/Frameworks",
				);
				PRODUCT_BUNDLE_IDENTIFIER = com.Commodore.CommodoreDemoTests;
				PRODUCT_NAME = "$(TARGET_NAME)";
				SWIFT_VERSION = 5.0;
				TARGETED_DEVICE_FAMILY = "1,2";
				TEST_HOST = "$(BUILT_PRODUCTS_DIR)/CommodoreDemo.app/CommodoreDemo";
			};
			name = Release;
		};
		AB174B1B23D0CC9A00EA3547 /* Debug */ = {
			isa = XCBuildConfiguration;
			buildSettings = {
				ALWAYS_EMBED_SWIFT_STANDARD_LIBRARIES = YES;
				CODE_SIGN_STYLE = Automatic;
				INFOPLIST_FILE = CommodoreDemoUITests/Info.plist;
				LD_RUNPATH_SEARCH_PATHS = (
					"$(inherited)",
					"@executable_path/Frameworks",
					"@loader_path/Frameworks",
				);
				PRODUCT_BUNDLE_IDENTIFIER = com.Commodore.CommodoreDemoUITests;
				PRODUCT_NAME = "$(TARGET_NAME)";
				SWIFT_VERSION = 5.0;
				TARGETED_DEVICE_FAMILY = "1,2";
				TEST_TARGET_NAME = CommodoreDemo;
			};
			name = Debug;
		};
		AB174B1C23D0CC9A00EA3547 /* Release */ = {
			isa = XCBuildConfiguration;
			buildSettings = {
				ALWAYS_EMBED_SWIFT_STANDARD_LIBRARIES = YES;
				CODE_SIGN_STYLE = Automatic;
				INFOPLIST_FILE = CommodoreDemoUITests/Info.plist;
				LD_RUNPATH_SEARCH_PATHS = (
					"$(inherited)",
					"@executable_path/Frameworks",
					"@loader_path/Frameworks",
				);
				PRODUCT_BUNDLE_IDENTIFIER = com.Commodore.CommodoreDemoUITests;
				PRODUCT_NAME = "$(TARGET_NAME)";
				SWIFT_VERSION = 5.0;
				TARGETED_DEVICE_FAMILY = "1,2";
				TEST_TARGET_NAME = CommodoreDemo;
			};
			name = Release;
		};
/* End XCBuildConfiguration section */

/* Begin XCConfigurationList section */
		AB174AE723D0CC9300EA3547 /* Build configuration list for PBXProject "CommodoreDemo" */ = {
			isa = XCConfigurationList;
			buildConfigurations = (
				AB174B1223D0CC9A00EA3547 /* Debug */,
				AB174B1323D0CC9A00EA3547 /* Release */,
			);
			defaultConfigurationIsVisible = 0;
			defaultConfigurationName = Release;
		};
		AB174B1423D0CC9A00EA3547 /* Build configuration list for PBXNativeTarget "CommodoreDemo" */ = {
			isa = XCConfigurationList;
			buildConfigurations = (
				AB174B1523D0CC9A00EA3547 /* Debug */,
				AB174B1623D0CC9A00EA3547 /* Release */,
			);
			defaultConfigurationIsVisible = 0;
			defaultConfigurationName = Release;
		};
		AB174B1723D0CC9A00EA3547 /* Build configuration list for PBXNativeTarget "CommodoreDemoTests" */ = {
			isa = XCConfigurationList;
			buildConfigurations = (
				AB174B1823D0CC9A00EA3547 /* Debug */,
				AB174B1923D0CC9A00EA3547 /* Release */,
			);
			defaultConfigurationIsVisible = 0;
			defaultConfigurationName = Release;
		};
		AB174B1A23D0CC9A00EA3547 /* Build configuration list for PBXNativeTarget "CommodoreDemoUITests" */ = {
			isa = XCConfigurationList;
			buildConfigurations = (
				AB174B1B23D0CC9A00EA3547 /* Debug */,
				AB174B1C23D0CC9A00EA3547 /* Release */,
			);
			defaultConfigurationIsVisible = 0;
			defaultConfigurationName = Release;
		};
/* End XCConfigurationList section */
	};
	rootObject = AB174AE423D0CC9300EA3547 /* Project object */;
}
